
Microsoft Visual Studio Solution File, Format Version 12.00
# Visual Studio Version 18
VisualStudioVersion = 18.0.11205.157 d18.0
MinimumVisualStudioVersion = 10.0.40219.1
Project("{FAE04EC0-301F-11D3-BF4B-00C04F79EFBC}") = "SEE_INSADE", "SEE_INSADE.csproj", "{33961FF5-C5E6-5580-F179-63F832553F0D}"
EndProject
Global
	GlobalSection(SolutionConfigurationPlatforms) = preSolution
		Debug|Any CPU = Debug|Any CPU
		Release|Any CPU = Release|Any CPU
	EndGlobalSection
	GlobalSection(ProjectConfigurationPlatforms) = postSolution
		{33961FF5-C5E6-5580-F179-63F832553F0D}.Debug|Any CPU.ActiveCfg = Debug|Any CPU
		{33961FF5-C5E6-5580-F179-63F832553F0D}.Debug|Any CPU.Build.0 = Debug|Any CPU
		{33961FF5-C5E6-5580-F179-63F832553F0D}.Release|Any CPU.ActiveCfg = Release|Any CPU
		{33961FF5-C5E6-5580-F179-63F832553F0D}.Release|Any CPU.Build.0 = Release|Any CPU
	EndGlobalSection
	GlobalSection(SolutionProperties) = preSolution
		HideSolutionNode = FALSE
	EndGlobalSection
	GlobalSection(ExtensibilityGlobals) = postSolution
		SolutionGuid = {F35CB586-2A08-43B2-BD47-C1D03635C2A5}
	EndGlobalSection
EndGlobal
